// !$*UTF8*$!
{
	archiveVersion = 1;
	classes = {
	};
	objectVersion = 46;
	objects = {

/* Begin PBXBuildFile section */
		9757A6331E3B707100EA6D8A /* AppDelegate.swift in Sources */ = {isa = PBXBuildFile; fileRef = 9757A6321E3B707100EA6D8A /* AppDelegate.swift */; };
		9757A6351E3B707100EA6D8A /* LoginVC.swift in Sources */ = {isa = PBXBuildFile; fileRef = 9757A6341E3B707100EA6D8A /* LoginVC.swift */; };
		9757A6381E3B707100EA6D8A /* Main.storyboard in Resources */ = {isa = PBXBuildFile; fileRef = 9757A6361E3B707100EA6D8A /* Main.storyboard */; };
		9757A63A1E3B707100EA6D8A /* Assets.xcassets in Resources */ = {isa = PBXBuildFile; fileRef = 9757A6391E3B707100EA6D8A /* Assets.xcassets */; };
		9757A63D1E3B707100EA6D8A /* LaunchScreen.storyboard in Resources */ = {isa = PBXBuildFile; fileRef = 9757A63B1E3B707100EA6D8A /* LaunchScreen.storyboard */; };
		9757A6451E3B716300EA6D8A /* musicListVC.swift in Sources */ = {isa = PBXBuildFile; fileRef = 9757A6441E3B716300EA6D8A /* musicListVC.swift */; };
		9757A6471E3B757800EA6D8A /* playSongVC.swift in Sources */ = {isa = PBXBuildFile; fileRef = 9757A6461E3B757800EA6D8A /* playSongVC.swift */; };
/* End PBXBuildFile section */

/* Begin PBXFileReference section */
		9757A62F1E3B707100EA6D8A /* swappingScreens.app */ = {isa = PBXFileReference; explicitFileType = wrapper.application; includeInIndex = 0; path = swappingScreens.app; sourceTree = BUILT_PRODUCTS_DIR; };
		9757A6321E3B707100EA6D8A /* AppDelegate.swift */ = {isa = PBXFileReference; lastKnownFileType = sourcecode.swift; path = AppDelegate.swift; sourceTree = "<group>"; };
		9757A6341E3B707100EA6D8A /* LoginVC.swift */ = {isa = PBXFileReference; lastKnownFileType = sourcecode.swift; path = LoginVC.swift; sourceTree = "<group>"; };
		9757A6371E3B707100EA6D8A /* Base */ = {isa = PBXFileReference; lastKnownFileType = file.storyboard; name = Base; path = Base.lproj/Main.storyboard; sourceTree = "<group>"; };
		9757A6391E3B707100EA6D8A /* Assets.xcassets */ = {isa = PBXFileReference; lastKnownFileType = folder.assetcatalog; path = Assets.xcassets; sourceTree = "<group>"; };
		9757A63C1E3B707100EA6D8A /* Base */ = {isa = PBXFileReference; lastKnownFileType = file.storyboard; name = Base; path = Base.lproj/LaunchScreen.storyboard; sourceTree = "<group>"; };
		9757A63E1E3B707100EA6D8A /* Info.plist */ = {isa = PBXFileReference; lastKnownFileType = text.plist.xml; path = Info.plist; sourceTree = "<group>"; };
		9757A6441E3B716300EA6D8A /* musicListVC.swift */ = {isa = PBXFileReference; fileEncoding = 4; lastKnownFileType = sourcecode.swift; path = musicListVC.swift; sourceTree = "<group>"; };
		9757A6461E3B757800EA6D8A /* playSongVC.swift */ = {isa = PBXFileReference; fileEncoding = 4; lastKnownFileType = sourcecode.swift; path = playSongVC.swift; sourceTree = "<group>"; };
/* End PBXFileReference section */

/* Begin PBXFrameworksBuildPhase section */
		9757A62C1E3B707100EA6D8A /* Frameworks */ = {
			isa = PBXFrameworksBuildPhase;
			buildActionMask = 2147483647;
			files = (
			);
			runOnlyForDeploymentPostprocessing = 0;
		};
/* End PBXFrameworksBuildPhase section */

/* Begin PBXGroup section */
		9757A6261E3B707100EA6D8A = {
			isa = PBXGroup;
			children = (
				9757A6311E3B707100EA6D8A /* swappingScreens */,
				9757A6301E3B707100EA6D8A /* Products */,
			);
			sourceTree = "<group>";
		};
		9757A6301E3B707100EA6D8A /* Products */ = {
			isa = PBXGroup;
			children = (
				9757A62F1E3B707100EA6D8A /* swappingScreens.app */,
			);
			name = Products;
			sourceTree = "<group>";
		};
		9757A6311E3B707100EA6D8A /* swappingScreens */ = {
			isa = PBXGroup;
			children = (
				9757A6321E3B707100EA6D8A /* AppDelegate.swift */,
				9757A6341E3B707100EA6D8A /* LoginVC.swift */,
				9757A6441E3B716300EA6D8A /* musicListVC.swift */,
				9757A6461E3B757800EA6D8A /* playSongVC.swift */,
				9757A6361E3B707100EA6D8A /* Main.storyboard */,
				9757A6391E3B707100EA6D8A /* Assets.xcassets */,
				9757A63B1E3B707100EA6D8A /* LaunchScreen.storyboard */,
				9757A63E1E3B707100EA6D8A /* Info.plist */,
			);
			path = swappingScreens;
			sourceTree = "<group>";
		};
/* End PBXGroup section */

/* Begin PBXNativeTarget section */
		9757A62E1E3B707100EA6D8A /* swappingScreens */ = {
			isa = PBXNativeTarget;
			buildConfigurationList = 9757A6411E3B707100EA6D8A /* Build configuration list for PBXNativeTarget "swappingScreens" */;
			buildPhases = (
				9757A62B1E3B707100EA6D8A /* Sources */,
				9757A62C1E3B707100EA6D8A /* Frameworks */,
				9757A62D1E3B707100EA6D8A /* Resources */,
			);
			buildRules = (
			);
			dependencies = (
			);
			name = swappingScreens;
			productName = swappingScreens;
			productReference = 9757A62F1E3B707100EA6D8A /* swappingScreens.app */;
			productType = "com.apple.product-type.application";
		};
/* End PBXNativeTarget section */

/* Begin PBXProject section */
		9757A6271E3B707100EA6D8A /* Project object */ = {
			isa = PBXProject;
			attributes = {
				LastSwiftUpdateCheck = 0820;
				LastUpgradeCheck = 0820;
				ORGANIZATIONNAME = "Daniel Tilley";
				TargetAttributes = {
					9757A62E1E3B707100EA6D8A = {
						CreatedOnToolsVersion = 8.2.1;
						DevelopmentTeam = 95857PD39E;
						ProvisioningStyle = Automatic;
					};
				};
			};
			buildConfigurationList = 9757A62A1E3B707100EA6D8A /* Build configuration list for PBXProject "swappingScreens" */;
			compatibilityVersion = "Xcode 3.2";
			developmentRegion = English;
			hasScannedForEncodings = 0;
			knownRegions = (
				en,
				Base,
			);
			mainGroup = 9757A6261E3B707100EA6D8A;
			productRefGroup = 9757A6301E3B707100EA6D8A /* Products */;
			projectDirPath = "";
			projectRoot = "";
			targets = (
				9757A62E1E3B707100EA6D8A /* swappingScreens */,
			);
		};
/* End PBXProject section */

/* Begin PBXResourcesBuildPhase section */
		9757A62D1E3B707100EA6D8A /* Resources */ = {
			isa = PBXResourcesBuildPhase;
			buildActionMask = 2147483647;
			files = (
				9757A63D1E3B707100EA6D8A /* LaunchScreen.storyboard in Resources */,
				9757A63A1E3B707100EA6D8A /* Assets.xcassets in Resources */,
				9757A6381E3B707100EA6D8A /* Main.storyboard in Resources */,
			);
			runOnlyForDeploymentPostprocessing = 0;
		};
/* End PBXResourcesBuildPhase section */

/* Begin PBXSourcesBuildPhase section */
		9757A62B1E3B707100EA6D8A /* Sources */ = {
			isa = PBXSourcesBuildPhase;
			buildActionMask = 2147483647;
			files = (
				9757A6351E3B707100EA6D8A /* LoginVC.swift in Sources */,
				9757A6471E3B757800EA6D8A /* playSongVC.swift in Sources */,
				9757A6451E3B716300EA6D8A /* musicListVC.swift in Sources */,
				9757A6331E3B707100EA6D8A /* AppDelegate.swift in Sources */,
			);
			runOnlyForDeploymentPostprocessing = 0;
		};
/* End PBXSourcesBuildPhase section */

/* Begin PBXVariantGroup section */
		9757A6361E3B707100EA6D8A /* Main.storyboard */ = {
			isa = PBXVariantGroup;
			children = (
				9757A6371E3B707100EA6D8A /* Base */,
			);
			name = Main.storyboard;
			sourceTree = "<group>";
		};
		9757A63B1E3B707100EA6D8A /* LaunchScreen.storyboard */ = {
			isa = PBXVariantGroup;
			children = (
				9757A63C1E3B707100EA6D8A /* Base */,
			);
			name = LaunchScreen.storyboard;
			sourceTree = "<group>";
		};
/* End PBXVariantGroup section */

/* Begin XCBuildConfiguration section */
		9757A63F1E3B707100EA6D8A /* Debug */ = {
			isa = XCBuildConfiguration;
			buildSettings = {
				ALWAYS_SEARCH_USER_PATHS = NO;
				CLANG_ANALYZER_NONNULL = YES;
				CLANG_CXX_LANGUAGE_STANDARD = "gnu++0x";
				CLANG_CXX_LIBRARY = "libc++";
				CLANG_ENABLE_MODULES = YES;
				CLANG_ENABLE_OBJC_ARC = YES;
				CLANG_WARN_BOOL_CONVERSION = YES;
				CLANG_WARN_CONSTANT_CONVERSION = YES;
				CLANG_WARN_DIRECT_OBJC_ISA_USAGE = YES_ERROR;
				CLANG_WARN_DOCUMENTATION_COMMENTS = YES;
				CLANG_WARN_EMPTY_BODY = YES;
				CLANG_WARN_ENUM_CONVERSION = YES;
				CLANG_WARN_INFINITE_RECURSION = YES;
				CLANG_WARN_INT_CONVERSION = YES;
				CLANG_WARN_OBJC_ROOT_CLASS = YES_ERROR;
				CLANG_WARN_SUSPICIOUS_MOVE = YES;
				CLANG_WARN_UNREACHABLE_CODE = YES;
				CLANG_WARN__DUPLICATE_METHOD_MATCH = YES;
				"CODE_SIGN_IDENTITY[sdk=iphoneos*]" = "iPhone Developer";
				COPY_PHASE_STRIP = NO;
				DEBUG_INFORMATION_FORMAT = dwarf;
				ENABLE_STRICT_OBJC_MSGSEND = YES;
				ENABLE_TESTABILITY = YES;
				GCC_C_LANGUAGE_STANDARD = gnu99;
				GCC_DYNAMIC_NO_PIC = NO;
				GCC_NO_COMMON_BLOCKS = YES;
				GCC_OPTIMIZATION_LEVEL = 0;
				GCC_PREPROCESSOR_DEFINITIONS = (
					"DEBUG=1",
					"$(inherited)",
				);
				GCC_WARN_64_TO_32_BIT_CONVERSION = YES;
				GCC_WARN_ABOUT_RETURN_TYPE = YES_ERROR;
				GCC_WARN_UNDECLARED_SELECTOR = YES;
				GCC_WARN_UNINITIALIZED_AUTOS = YES_AGGRESSIVE;
				GCC_WARN_UNUSED_FUNCTION = YES;
				GCC_WARN_UNUSED_VARIABLE = YES;
				IPHONEOS_DEPLOYMENT_TARGET = 10.2;
				MTL_ENABLE_DEBUG_INFO = YES;
				ONLY_ACTIVE_ARCH = YES;
				SDKROOT = iphoneos;
				SWIFT_ACTIVE_COMPILATION_CONDITIONS = DEBUG;
				SWIFT_OPTIMIZATION_LEVEL = "-Onone";
				TARGETED_DEVICE_FAMILY = "1,2";
			};
			name = Debug;
		};
		9757A6401E3B707100EA6D8A /* Release */ = {
			isa = XCBuildConfiguration;
			buildSettings = {
				ALWAYS_SEARCH_USER_PATHS = NO;
				CLANG_ANALYZER_NONNULL = YES;
				CLANG_CXX_LANGUAGE_STANDARD = "gnu++0x";
				CLANG_CXX_LIBRARY = "libc++";
				CLANG_ENABLE_MODULES = YES;
				CLANG_ENABLE_OBJC_ARC = YES;
				CLANG_WARN_BOOL_CONVERSION = YES;
				CLANG_WARN_CONSTANT_CONVERSION = YES;
				CLANG_WARN_DIRECT_OBJC_ISA_USAGE = YES_ERROR;
				CLANG_WARN_DOCUMENTATION_COMMENTS = YES;
				CLANG_WARN_EMPTY_BODY = YES;
				CLANG_WARN_ENUM_CONVERSION = YES;
				CLANG_WARN_INFINITE_RECURSION = YES;
				CLANG_WARN_INT_CONVERSION = YES;
				CLANG_WARN_OBJC_ROOT_CLASS = YES_ERROR;
				CLANG_WARN_SUSPICIOUS_MOVE = YES;
				CLANG_WARN_UNREACHABLE_CODE = YES;
				CLANG_WARN__DUPLICATE_METHOD_MATCH = YES;
				"CODE_SIGN_IDENTITY[sdk=iphoneos*]" = "iPhone Developer";
				COPY_PHASE_STRIP = NO;
				DEBUG_INFORMATION_FORMAT = "dwarf-with-dsym";
				ENABLE_NS_ASSERTIONS = NO;
				ENABLE_STRICT_OBJC_MSGSEND = YES;
				GCC_C_LANGUAGE_STANDARD = gnu99;
				GCC_NO_COMMON_BLOCKS = YES;
				GCC_WARN_64_TO_32_BIT_CONVERSION = YES;
				GCC_WARN_ABOUT_RETURN_TYPE = YES_ERROR;
				GCC_WARN_UNDECLARED_SELECTOR = YES;
				GCC_WARN_UNINITIALIZED_AUTOS = YES_AGGRESSIVE;
				GCC_WARN_UNUSED_FUNCTION = YES;
				GCC_WARN_UNUSED_VARIABLE = YES;
				IPHONEOS_DEPLOYMENT_TARGET = 10.2;
				MTL_ENABLE_DEBUG_INFO = NO;
				SDKROOT = iphoneos;
				SWIFT_OPTIMIZATION_LEVEL = "-Owholemodule";
				TARGETED_DEVICE_FAMILY = "1,2";
				VALIDATE_PRODUCT = YES;
			};
			name = Release;
		};
		9757A6421E3B707100EA6D8A /* Debug */ = {
			isa = XCBuildConfiguration;
			buildSettings = {
				ASSETCATALOG_COMPILER_APPICON_NAME = AppIcon;
				DEVELOPMENT_TEAM = 95857PD39E;
				INFOPLIST_FILE = swappingScreens/Info.plist;
				LD_RUNPATH_SEARCH_PATHS = "$(inherited) @executable_path/Frameworks";
				PRODUCT_BUNDLE_IDENTIFIER = ie.danieltilley.ios.swappingScreens;
				PRODUCT_NAME = "$(TARGET_NAME)";
				SWIFT_VERSION = 3.0;
			};
			name = Debug;
		};
		9757A6431E3B707100EA6D8A /* Release */ = {
			isa = XCBuildConfiguration;
			buildSettings = {
				ASSETCATALOG_COMPILER_APPICON_NAME = AppIcon;
				DEVELOPMENT_TEAM = 95857PD39E;
				INFOPLIST_FILE = swappingScreens/Info.plist;
				LD_RUNPATH_SEARCH_PATHS = "$(inherited) @executable_path/Frameworks";
				PRODUCT_BUNDLE_IDENTIFIER = ie.danieltilley.ios.swappingScreens;
				PRODUCT_NAME = "$(TARGET_NAME)";
				SWIFT_VERSION = 3.0;
			};
			name = Release;
		};
/* End XCBuildConfiguration section */

/* Begin XCConfigurationList section */
		9757A62A1E3B707100EA6D8A /* Build configuration list for PBXProject "swappingScreens" */ = {
			isa = XCConfigurationList;
			buildConfigurations = (
				9757A63F1E3B707100EA6D8A /* Debug */,
				9757A6401E3B707100EA6D8A /* Release */,
			);
			defaultConfigurationIsVisible = 0;
			defaultConfigurationName = Release;
		};
		9757A6411E3B707100EA6D8A /* Build configuration list for PBXNativeTarget "swappingScreens" */ = {
			isa = XCConfigurationList;
			buildConfigurations = (
				9757A6421E3B707100EA6D8A /* Debug */,
				9757A6431E3B707100EA6D8A /* Release */,
			);
			defaultConfigurationIsVisible = 0;
		};
/* End XCConfigurationList section */
	};
	rootObject = 9757A6271E3B707100EA6D8A /* Project object */;
}
