// !$*UTF8*$!
{
	archiveVersion = 1;
	classes = {
	};
	objectVersion = 46;
	objects = {

/* Begin PBXBuildFile section */
		971FEC2F1E32591B00EBF9FD /* AppDelegate.swift in Sources */ = {isa = PBXBuildFile; fileRef = 971FEC2E1E32591B00EBF9FD /* AppDelegate.swift */; };
		971FEC311E32591B00EBF9FD /* ViewController.swift in Sources */ = {isa = PBXBuildFile; fileRef = 971FEC301E32591B00EBF9FD /* ViewController.swift */; };
		971FEC341E32591B00EBF9FD /* Main.storyboard in Resources */ = {isa = PBXBuildFile; fileRef = 971FEC321E32591B00EBF9FD /* Main.storyboard */; };
		971FEC361E32591B00EBF9FD /* Assets.xcassets in Resources */ = {isa = PBXBuildFile; fileRef = 971FEC351E32591B00EBF9FD /* Assets.xcassets */; };
		971FEC391E32591B00EBF9FD /* LaunchScreen.storyboard in Resources */ = {isa = PBXBuildFile; fileRef = 971FEC371E32591B00EBF9FD /* LaunchScreen.storyboard */; };
/* End PBXBuildFile section */

/* Begin PBXFileReference section */
		971FEC2B1E32591B00EBF9FD /* ShowRandomBook.app */ = {isa = PBXFileReference; explicitFileType = wrapper.application; includeInIndex = 0; path = ShowRandomBook.app; sourceTree = BUILT_PRODUCTS_DIR; };
		971FEC2E1E32591B00EBF9FD /* AppDelegate.swift */ = {isa = PBXFileReference; lastKnownFileType = sourcecode.swift; path = AppDelegate.swift; sourceTree = "<group>"; };
		971FEC301E32591B00EBF9FD /* ViewController.swift */ = {isa = PBXFileReference; lastKnownFileType = sourcecode.swift; path = ViewController.swift; sourceTree = "<group>"; };
		971FEC331E32591B00EBF9FD /* Base */ = {isa = PBXFileReference; lastKnownFileType = file.storyboard; name = Base; path = Base.lproj/Main.storyboard; sourceTree = "<group>"; };
		971FEC351E32591B00EBF9FD /* Assets.xcassets */ = {isa = PBXFileReference; lastKnownFileType = folder.assetcatalog; path = Assets.xcassets; sourceTree = "<group>"; };
		971FEC381E32591B00EBF9FD /* Base */ = {isa = PBXFileReference; lastKnownFileType = file.storyboard; name = Base; path = Base.lproj/LaunchScreen.storyboard; sourceTree = "<group>"; };
		971FEC3A1E32591B00EBF9FD /* Info.plist */ = {isa = PBXFileReference; lastKnownFileType = text.plist.xml; path = Info.plist; sourceTree = "<group>"; };
/* End PBXFileReference section */

/* Begin PBXFrameworksBuildPhase section */
		971FEC281E32591B00EBF9FD /* Frameworks */ = {
			isa = PBXFrameworksBuildPhase;
			buildActionMask = 2147483647;
			files = (
			);
			runOnlyForDeploymentPostprocessing = 0;
		};
/* End PBXFrameworksBuildPhase section */

/* Begin PBXGroup section */
		971FEC221E32591B00EBF9FD = {
			isa = PBXGroup;
			children = (
				971FEC2D1E32591B00EBF9FD /* ShowRandomBook */,
				971FEC2C1E32591B00EBF9FD /* Products */,
			);
			sourceTree = "<group>";
		};
		971FEC2C1E32591B00EBF9FD /* Products */ = {
			isa = PBXGroup;
			children = (
				971FEC2B1E32591B00EBF9FD /* ShowRandomBook.app */,
			);
			name = Products;
			sourceTree = "<group>";
		};
		971FEC2D1E32591B00EBF9FD /* ShowRandomBook */ = {
			isa = PBXGroup;
			children = (
				971FEC2E1E32591B00EBF9FD /* AppDelegate.swift */,
				971FEC301E32591B00EBF9FD /* ViewController.swift */,
				971FEC321E32591B00EBF9FD /* Main.storyboard */,
				971FEC351E32591B00EBF9FD /* Assets.xcassets */,
				971FEC371E32591B00EBF9FD /* LaunchScreen.storyboard */,
				971FEC3A1E32591B00EBF9FD /* Info.plist */,
			);
			path = ShowRandomBook;
			sourceTree = "<group>";
		};
/* End PBXGroup section */

/* Begin PBXNativeTarget section */
		971FEC2A1E32591B00EBF9FD /* ShowRandomBook */ = {
			isa = PBXNativeTarget;
			buildConfigurationList = 971FEC3D1E32591B00EBF9FD /* Build configuration list for PBXNativeTarget "ShowRandomBook" */;
			buildPhases = (
				971FEC271E32591B00EBF9FD /* Sources */,
				971FEC281E32591B00EBF9FD /* Frameworks */,
				971FEC291E32591B00EBF9FD /* Resources */,
			);
			buildRules = (
			);
			dependencies = (
			);
			name = ShowRandomBook;
			productName = ShowRandomBook;
			productReference = 971FEC2B1E32591B00EBF9FD /* ShowRandomBook.app */;
			productType = "com.apple.product-type.application";
		};
/* End PBXNativeTarget section */

/* Begin PBXProject section */
		971FEC231E32591B00EBF9FD /* Project object */ = {
			isa = PBXProject;
			attributes = {
				LastSwiftUpdateCheck = 0820;
				LastUpgradeCheck = 0820;
				ORGANIZATIONNAME = "Daniel Tilley";
				TargetAttributes = {
					971FEC2A1E32591B00EBF9FD = {
						CreatedOnToolsVersion = 8.2.1;
						ProvisioningStyle = Automatic;
					};
				};
			};
			buildConfigurationList = 971FEC261E32591B00EBF9FD /* Build configuration list for PBXProject "ShowRandomBook" */;
			compatibilityVersion = "Xcode 3.2";
			developmentRegion = English;
			hasScannedForEncodings = 0;
			knownRegions = (
				en,
				Base,
			);
			mainGroup = 971FEC221E32591B00EBF9FD;
			productRefGroup = 971FEC2C1E32591B00EBF9FD /* Products */;
			projectDirPath = "";
			projectRoot = "";
			targets = (
				971FEC2A1E32591B00EBF9FD /* ShowRandomBook */,
			);
		};
/* End PBXProject section */

/* Begin PBXResourcesBuildPhase section */
		971FEC291E32591B00EBF9FD /* Resources */ = {
			isa = PBXResourcesBuildPhase;
			buildActionMask = 2147483647;
			files = (
				971FEC391E32591B00EBF9FD /* LaunchScreen.storyboard in Resources */,
				971FEC361E32591B00EBF9FD /* Assets.xcassets in Resources */,
				971FEC341E32591B00EBF9FD /* Main.storyboard in Resources */,
			);
			runOnlyForDeploymentPostprocessing = 0;
		};
/* End PBXResourcesBuildPhase section */

/* Begin PBXSourcesBuildPhase section */
		971FEC271E32591B00EBF9FD /* Sources */ = {
			isa = PBXSourcesBuildPhase;
			buildActionMask = 2147483647;
			files = (
				971FEC311E32591B00EBF9FD /* ViewController.swift in Sources */,
				971FEC2F1E32591B00EBF9FD /* AppDelegate.swift in Sources */,
			);
			runOnlyForDeploymentPostprocessing = 0;
		};
/* End PBXSourcesBuildPhase section */

/* Begin PBXVariantGroup section */
		971FEC321E32591B00EBF9FD /* Main.storyboard */ = {
			isa = PBXVariantGroup;
			children = (
				971FEC331E32591B00EBF9FD /* Base */,
			);
			name = Main.storyboard;
			sourceTree = "<group>";
		};
		971FEC371E32591B00EBF9FD /* LaunchScreen.storyboard */ = {
			isa = PBXVariantGroup;
			children = (
				971FEC381E32591B00EBF9FD /* Base */,
			);
			name = LaunchScreen.storyboard;
			sourceTree = "<group>";
		};
/* End PBXVariantGroup section */

/* Begin XCBuildConfiguration section */
		971FEC3B1E32591B00EBF9FD /* Debug */ = {
			isa = XCBuildConfiguration;
			buildSettings = {
				ALWAYS_SEARCH_USER_PATHS = NO;
				CLANG_ANALYZER_NONNULL = YES;
				CLANG_CXX_LANGUAGE_STANDARD = "gnu++0x";
				CLANG_CXX_LIBRARY = "libc++";
				CLANG_ENABLE_MODULES = YES;
				CLANG_ENABLE_OBJC_ARC = YES;
				CLANG_WARN_BOOL_CONVERSION = YES;
				CLANG_WARN_CONSTANT_CONVERSION = YES;
				CLANG_WARN_DIRECT_OBJC_ISA_USAGE = YES_ERROR;
				CLANG_WARN_DOCUMENTATION_COMMENTS = YES;
				CLANG_WARN_EMPTY_BODY = YES;
				CLANG_WARN_ENUM_CONVERSION = YES;
				CLANG_WARN_INFINITE_RECURSION = YES;
				CLANG_WARN_INT_CONVERSION = YES;
				CLANG_WARN_OBJC_ROOT_CLASS = YES_ERROR;
				CLANG_WARN_SUSPICIOUS_MOVE = YES;
				CLANG_WARN_UNREACHABLE_CODE = YES;
				CLANG_WARN__DUPLICATE_METHOD_MATCH = YES;
				"CODE_SIGN_IDENTITY[sdk=iphoneos*]" = "iPhone Developer";
				COPY_PHASE_STRIP = NO;
				DEBUG_INFORMATION_FORMAT = dwarf;
				ENABLE_STRICT_OBJC_MSGSEND = YES;
				ENABLE_TESTABILITY = YES;
				GCC_C_LANGUAGE_STANDARD = gnu99;
				GCC_DYNAMIC_NO_PIC = NO;
				GCC_NO_COMMON_BLOCKS = YES;
				GCC_OPTIMIZATION_LEVEL = 0;
				GCC_PREPROCESSOR_DEFINITIONS = (
					"DEBUG=1",
					"$(inherited)",
				);
				GCC_WARN_64_TO_32_BIT_CONVERSION = YES;
				GCC_WARN_ABOUT_RETURN_TYPE = YES_ERROR;
				GCC_WARN_UNDECLARED_SELECTOR = YES;
				GCC_WARN_UNINITIALIZED_AUTOS = YES_AGGRESSIVE;
				GCC_WARN_UNUSED_FUNCTION = YES;
				GCC_WARN_UNUSED_VARIABLE = YES;
				IPHONEOS_DEPLOYMENT_TARGET = 10.2;
				MTL_ENABLE_DEBUG_INFO = YES;
				ONLY_ACTIVE_ARCH = YES;
				SDKROOT = iphoneos;
				SWIFT_ACTIVE_COMPILATION_CONDITIONS = DEBUG;
				SWIFT_OPTIMIZATION_LEVEL = "-Onone";
				TARGETED_DEVICE_FAMILY = "1,2";
			};
			name = Debug;
		};
		971FEC3C1E32591B00EBF9FD /* Release */ = {
			isa = XCBuildConfiguration;
			buildSettings = {
				ALWAYS_SEARCH_USER_PATHS = NO;
				CLANG_ANALYZER_NONNULL = YES;
				CLANG_CXX_LANGUAGE_STANDARD = "gnu++0x";
				CLANG_CXX_LIBRARY = "libc++";
				CLANG_ENABLE_MODULES = YES;
				CLANG_ENABLE_OBJC_ARC = YES;
				CLANG_WARN_BOOL_CONVERSION = YES;
				CLANG_WARN_CONSTANT_CONVERSION = YES;
				CLANG_WARN_DIRECT_OBJC_ISA_USAGE = YES_ERROR;
				CLANG_WARN_DOCUMENTATION_COMMENTS = YES;
				CLANG_WARN_EMPTY_BODY = YES;
				CLANG_WARN_ENUM_CONVERSION = YES;
				CLANG_WARN_INFINITE_RECURSION = YES;
				CLANG_WARN_INT_CONVERSION = YES;
				CLANG_WARN_OBJC_ROOT_CLASS = YES_ERROR;
				CLANG_WARN_SUSPICIOUS_MOVE = YES;
				CLANG_WARN_UNREACHABLE_CODE = YES;
				CLANG_WARN__DUPLICATE_METHOD_MATCH = YES;
				"CODE_SIGN_IDENTITY[sdk=iphoneos*]" = "iPhone Developer";
				COPY_PHASE_STRIP = NO;
				DEBUG_INFORMATION_FORMAT = "dwarf-with-dsym";
				ENABLE_NS_ASSERTIONS = NO;
				ENABLE_STRICT_OBJC_MSGSEND = YES;
				GCC_C_LANGUAGE_STANDARD = gnu99;
				GCC_NO_COMMON_BLOCKS = YES;
				GCC_WARN_64_TO_32_BIT_CONVERSION = YES;
				GCC_WARN_ABOUT_RETURN_TYPE = YES_ERROR;
				GCC_WARN_UNDECLARED_SELECTOR = YES;
				GCC_WARN_UNINITIALIZED_AUTOS = YES_AGGRESSIVE;
				GCC_WARN_UNUSED_FUNCTION = YES;
				GCC_WARN_UNUSED_VARIABLE = YES;
				IPHONEOS_DEPLOYMENT_TARGET = 10.2;
				MTL_ENABLE_DEBUG_INFO = NO;
				SDKROOT = iphoneos;
				SWIFT_OPTIMIZATION_LEVEL = "-Owholemodule";
				TARGETED_DEVICE_FAMILY = "1,2";
				VALIDATE_PRODUCT = YES;
			};
			name = Release;
		};
		971FEC3E1E32591B00EBF9FD /* Debug */ = {
			isa = XCBuildConfiguration;
			buildSettings = {
				ASSETCATALOG_COMPILER_APPICON_NAME = AppIcon;
				INFOPLIST_FILE = ShowRandomBook/Info.plist;
				LD_RUNPATH_SEARCH_PATHS = "$(inherited) @executable_path/Frameworks";
				PRODUCT_BUNDLE_IDENTIFIER = ie.danieltilley.showrandombook.ShowRandomBook;
				PRODUCT_NAME = "$(TARGET_NAME)";
				SWIFT_VERSION = 3.0;
			};
			name = Debug;
		};
		971FEC3F1E32591B00EBF9FD /* Release */ = {
			isa = XCBuildConfiguration;
			buildSettings = {
				ASSETCATALOG_COMPILER_APPICON_NAME = AppIcon;
				INFOPLIST_FILE = ShowRandomBook/Info.plist;
				LD_RUNPATH_SEARCH_PATHS = "$(inherited) @executable_path/Frameworks";
				PRODUCT_BUNDLE_IDENTIFIER = ie.danieltilley.showrandombook.ShowRandomBook;
				PRODUCT_NAME = "$(TARGET_NAME)";
				SWIFT_VERSION = 3.0;
			};
			name = Release;
		};
/* End XCBuildConfiguration section */

/* Begin XCConfigurationList section */
		971FEC261E32591B00EBF9FD /* Build configuration list for PBXProject "ShowRandomBook" */ = {
			isa = XCConfigurationList;
			buildConfigurations = (
				971FEC3B1E32591B00EBF9FD /* Debug */,
				971FEC3C1E32591B00EBF9FD /* Release */,
			);
			defaultConfigurationIsVisible = 0;
			defaultConfigurationName = Release;
		};
		971FEC3D1E32591B00EBF9FD /* Build configuration list for PBXNativeTarget "ShowRandomBook" */ = {
			isa = XCConfigurationList;
			buildConfigurations = (
				971FEC3E1E32591B00EBF9FD /* Debug */,
				971FEC3F1E32591B00EBF9FD /* Release */,
			);
			defaultConfigurationIsVisible = 0;
		};
/* End XCConfigurationList section */
	};
	rootObject = 971FEC231E32591B00EBF9FD /* Project object */;
}
